// !$*UTF8*$!
{
	archiveVersion = 1;
	classes = {
	};
	objectVersion = 46;
	objects = {

/* Begin PBXBuildFile section */
		1F66FA9018828998002EC53B /* Foundation.framework in Frameworks */ = {isa = PBXBuildFile; fileRef = 1F66FA8F18828998002EC53B /* Foundation.framework */; };
		1F66FA9218828998002EC53B /* CoreGraphics.framework in Frameworks */ = {isa = PBXBuildFile; fileRef = 1F66FA9118828998002EC53B /* CoreGraphics.framework */; };
		1F66FA9418828998002EC53B /* UIKit.framework in Frameworks */ = {isa = PBXBuildFile; fileRef = 1F66FA9318828998002EC53B /* UIKit.framework */; };
		1F66FA9A18828998002EC53B /* InfoPlist.strings in Resources */ = {isa = PBXBuildFile; fileRef = 1F66FA9818828998002EC53B /* InfoPlist.strings */; };
		1F66FA9C18828998002EC53B /* main.m in Sources */ = {isa = PBXBuildFile; fileRef = 1F66FA9B18828998002EC53B /* main.m */; };
		1F66FAA018828998002EC53B /* AppDelegate.m in Sources */ = {isa = PBXBuildFile; fileRef = 1F66FA9F18828998002EC53B /* AppDelegate.m */; };
		1F66FAA218828998002EC53B /* Images.xcassets in Resources */ = {isa = PBXBuildFile; fileRef = 1F66FAA118828998002EC53B /* Images.xcassets */; };
		1F66FAA918828998002EC53B /* XCTest.framework in Frameworks */ = {isa = PBXBuildFile; fileRef = 1F66FAA818828998002EC53B /* XCTest.framework */; };
		1F66FAAA18828998002EC53B /* Foundation.framework in Frameworks */ = {isa = PBXBuildFile; fileRef = 1F66FA8F18828998002EC53B /* Foundation.framework */; };
		1F66FAAB18828998002EC53B /* UIKit.framework in Frameworks */ = {isa = PBXBuildFile; fileRef = 1F66FA9318828998002EC53B /* UIKit.framework */; };
		1F66FAB318828998002EC53B /* InfoPlist.strings in Resources */ = {isa = PBXBuildFile; fileRef = 1F66FAB118828998002EC53B /* InfoPlist.strings */; };
		1F66FAB518828998002EC53B /* ChatRoomDemoTests.m in Sources */ = {isa = PBXBuildFile; fileRef = 1F66FAB418828998002EC53B /* ChatRoomDemoTests.m */; };
		1F66FAC218828B0C002EC53B /* GCDAsyncSocket.m in Sources */ = {isa = PBXBuildFile; fileRef = 1F66FABF18828B0C002EC53B /* GCDAsyncSocket.m */; };
		1F66FAC318828B0C002EC53B /* GCDAsyncSocket.m in Sources */ = {isa = PBXBuildFile; fileRef = 1F66FABF18828B0C002EC53B /* GCDAsyncSocket.m */; };
		1F66FAC418828B0C002EC53B /* GCDAsyncUdpSocket.m in Sources */ = {isa = PBXBuildFile; fileRef = 1F66FAC118828B0C002EC53B /* GCDAsyncUdpSocket.m */; };
		1F66FAC518828B0C002EC53B /* GCDAsyncUdpSocket.m in Sources */ = {isa = PBXBuildFile; fileRef = 1F66FAC118828B0C002EC53B /* GCDAsyncUdpSocket.m */; };
		1F66FAC718828B6D002EC53B /* CFNetwork.framework in Frameworks */ = {isa = PBXBuildFile; fileRef = 1F66FAC618828B6D002EC53B /* CFNetwork.framework */; };
		1F66FACA18828BEF002EC53B /* ChatDemoViewController.m in Sources */ = {isa = PBXBuildFile; fileRef = 1F66FAC918828BEF002EC53B /* ChatDemoViewController.m */; };
		1F66FACB18828BEF002EC53B /* ChatDemoViewController.m in Sources */ = {isa = PBXBuildFile; fileRef = 1F66FAC918828BEF002EC53B /* ChatDemoViewController.m */; };
/* End PBXBuildFile section */

/* Begin PBXContainerItemProxy section */
		1F66FAAC18828998002EC53B /* PBXContainerItemProxy */ = {
			isa = PBXContainerItemProxy;
			containerPortal = 1F66FA8418828998002EC53B /* Project object */;
			proxyType = 1;
			remoteGlobalIDString = 1F66FA8B18828998002EC53B;
			remoteInfo = ChatRoomDemo;
		};
/* End PBXContainerItemProxy section */

/* Begin PBXFileReference section */
		1F66FA8C18828998002EC53B /* ChatRoomDemo.app */ = {isa = PBXFileReference; explicitFileType = wrapper.application; includeInIndex = 0; path = ChatRoomDemo.app; sourceTree = BUILT_PRODUCTS_DIR; };
		1F66FA8F18828998002EC53B /* Foundation.framework */ = {isa = PBXFileReference; lastKnownFileType = wrapper.framework; name = Foundation.framework; path = System/Library/Frameworks/Foundation.framework; sourceTree = SDKROOT; };
		1F66FA9118828998002EC53B /* CoreGraphics.framework */ = {isa = PBXFileReference; lastKnownFileType = wrapper.framework; name = CoreGraphics.framework; path = System/Library/Frameworks/CoreGraphics.framework; sourceTree = SDKROOT; };
		1F66FA9318828998002EC53B /* UIKit.framework */ = {isa = PBXFileReference; lastKnownFileType = wrapper.framework; name = UIKit.framework; path = System/Library/Frameworks/UIKit.framework; sourceTree = SDKROOT; };
		1F66FA9718828998002EC53B /* ChatRoomDemo-Info.plist */ = {isa = PBXFileReference; lastKnownFileType = text.plist.xml; path = "ChatRoomDemo-Info.plist"; sourceTree = "<group>"; };
		1F66FA9918828998002EC53B /* en */ = {isa = PBXFileReference; lastKnownFileType = text.plist.strings; name = en; path = en.lproj/InfoPlist.strings; sourceTree = "<group>"; };
		1F66FA9B18828998002EC53B /* main.m */ = {isa = PBXFileReference; lastKnownFileType = sourcecode.c.objc; path = main.m; sourceTree = "<group>"; };
		1F66FA9D18828998002EC53B /* ChatRoomDemo-Prefix.pch */ = {isa = PBXFileReference; lastKnownFileType = sourcecode.c.h; path = "ChatRoomDemo-Prefix.pch"; sourceTree = "<group>"; };
		1F66FA9E18828998002EC53B /* AppDelegate.h */ = {isa = PBXFileReference; lastKnownFileType = sourcecode.c.h; path = AppDelegate.h; sourceTree = "<group>"; };
		1F66FA9F18828998002EC53B /* AppDelegate.m */ = {isa = PBXFileReference; lastKnownFileType = sourcecode.c.objc; path = AppDelegate.m; sourceTree = "<group>"; };
		1F66FAA118828998002EC53B /* Images.xcassets */ = {isa = PBXFileReference; lastKnownFileType = folder.assetcatalog; path = Images.xcassets; sourceTree = "<group>"; };
		1F66FAA718828998002EC53B /* ChatRoomDemoTests.xctest */ = {isa = PBXFileReference; explicitFileType = wrapper.cfbundle; includeInIndex = 0; path = ChatRoomDemoTests.xctest; sourceTree = BUILT_PRODUCTS_DIR; };
		1F66FAA818828998002EC53B /* XCTest.framework */ = {isa = PBXFileReference; lastKnownFileType = wrapper.framework; name = XCTest.framework; path = Library/Frameworks/XCTest.framework; sourceTree = DEVELOPER_DIR; };
		1F66FAB018828998002EC53B /* ChatRoomDemoTests-Info.plist */ = {isa = PBXFileReference; lastKnownFileType = text.plist.xml; path = "ChatRoomDemoTests-Info.plist"; sourceTree = "<group>"; };
		1F66FAB218828998002EC53B /* en */ = {isa = PBXFileReference; lastKnownFileType = text.plist.strings; name = en; path = en.lproj/InfoPlist.strings; sourceTree = "<group>"; };
		1F66FAB418828998002EC53B /* ChatRoomDemoTests.m */ = {isa = PBXFileReference; lastKnownFileType = sourcecode.c.objc; path = ChatRoomDemoTests.m; sourceTree = "<group>"; };
		1F66FABE18828B0C002EC53B /* GCDAsyncSocket.h */ = {isa = PBXFileReference; fileEncoding = 4; lastKnownFileType = sourcecode.c.h; path = GCDAsyncSocket.h; sourceTree = "<group>"; };
		1F66FABF18828B0C002EC53B /* GCDAsyncSocket.m */ = {isa = PBXFileReference; fileEncoding = 4; lastKnownFileType = sourcecode.c.objc; path = GCDAsyncSocket.m; sourceTree = "<group>"; };
		1F66FAC018828B0C002EC53B /* GCDAsyncUdpSocket.h */ = {isa = PBXFileReference; fileEncoding = 4; lastKnownFileType = sourcecode.c.h; path = GCDAsyncUdpSocket.h; sourceTree = "<group>"; };
		1F66FAC118828B0C002EC53B /* GCDAsyncUdpSocket.m */ = {isa = PBXFileReference; fileEncoding = 4; lastKnownFileType = sourcecode.c.objc; path = GCDAsyncUdpSocket.m; sourceTree = "<group>"; };
		1F66FAC618828B6D002EC53B /* CFNetwork.framework */ = {isa = PBXFileReference; lastKnownFileType = wrapper.framework; name = CFNetwork.framework; path = System/Library/Frameworks/CFNetwork.framework; sourceTree = SDKROOT; };
		1F66FAC818828BEF002EC53B /* ChatDemoViewController.h */ = {isa = PBXFileReference; fileEncoding = 4; lastKnownFileType = sourcecode.c.h; path = ChatDemoViewController.h; sourceTree = "<group>"; };
		1F66FAC918828BEF002EC53B /* ChatDemoViewController.m */ = {isa = PBXFileReference; fileEncoding = 4; lastKnownFileType = sourcecode.c.objc; path = ChatDemoViewController.m; sourceTree = "<group>"; };
/* End PBXFileReference section */

/* Begin PBXFrameworksBuildPhase section */
		1F66FA8918828998002EC53B /* Frameworks */ = {
			isa = PBXFrameworksBuildPhase;
			buildActionMask = 2147483647;
			files = (
				1F66FAC718828B6D002EC53B /* CFNetwork.framework in Frameworks */,
				1F66FA9218828998002EC53B /* CoreGraphics.framework in Frameworks */,
				1F66FA9418828998002EC53B /* UIKit.framework in Frameworks */,
				1F66FA9018828998002EC53B /* Foundation.framework in Frameworks */,
			);
			runOnlyForDeploymentPostprocessing = 0;
		};
		1F66FAA418828998002EC53B /* Frameworks */ = {
			isa = PBXFrameworksBuildPhase;
			buildActionMask = 2147483647;
			files = (
				1F66FAA918828998002EC53B /* XCTest.framework in Frameworks */,
				1F66FAAB18828998002EC53B /* UIKit.framework in Frameworks */,
				1F66FAAA18828998002EC53B /* Foundation.framework in Frameworks */,
			);
			runOnlyForDeploymentPostprocessing = 0;
		};
/* End PBXFrameworksBuildPhase section */

/* Begin PBXGroup section */
		1F66FA8318828998002EC53B = {
			isa = PBXGroup;
			children = (
				1F66FA9518828998002EC53B /* ChatRoomDemo */,
				1F66FAAE18828998002EC53B /* ChatRoomDemoTests */,
				1F66FA8E18828998002EC53B /* Frameworks */,
				1F66FA8D18828998002EC53B /* Products */,
			);
			sourceTree = "<group>";
		};
		1F66FA8D18828998002EC53B /* Products */ = {
			isa = PBXGroup;
			children = (
				1F66FA8C18828998002EC53B /* ChatRoomDemo.app */,
				1F66FAA718828998002EC53B /* ChatRoomDemoTests.xctest */,
			);
			name = Products;
			sourceTree = "<group>";
		};
		1F66FA8E18828998002EC53B /* Frameworks */ = {
			isa = PBXGroup;
			children = (
				1F66FAC618828B6D002EC53B /* CFNetwork.framework */,
				1F66FA8F18828998002EC53B /* Foundation.framework */,
				1F66FA9118828998002EC53B /* CoreGraphics.framework */,
				1F66FA9318828998002EC53B /* UIKit.framework */,
				1F66FAA818828998002EC53B /* XCTest.framework */,
			);
			name = Frameworks;
			sourceTree = "<group>";
		};
		1F66FA9518828998002EC53B /* ChatRoomDemo */ = {
			isa = PBXGroup;
			children = (
				1F66FABE18828B0C002EC53B /* GCDAsyncSocket.h */,
				1F66FABF18828B0C002EC53B /* GCDAsyncSocket.m */,
				1F66FAC018828B0C002EC53B /* GCDAsyncUdpSocket.h */,
				1F66FAC118828B0C002EC53B /* GCDAsyncUdpSocket.m */,
				1F66FA9E18828998002EC53B /* AppDelegate.h */,
				1F66FA9F18828998002EC53B /* AppDelegate.m */,
				1F66FAC818828BEF002EC53B /* ChatDemoViewController.h */,
				1F66FAC918828BEF002EC53B /* ChatDemoViewController.m */,
				1F66FAA118828998002EC53B /* Images.xcassets */,
				1F66FA9618828998002EC53B /* Supporting Files */,
			);
			path = ChatRoomDemo;
			sourceTree = "<group>";
		};
		1F66FA9618828998002EC53B /* Supporting Files */ = {
			isa = PBXGroup;
			children = (
				1F66FA9718828998002EC53B /* ChatRoomDemo-Info.plist */,
				1F66FA9818828998002EC53B /* InfoPlist.strings */,
				1F66FA9B18828998002EC53B /* main.m */,
				1F66FA9D18828998002EC53B /* ChatRoomDemo-Prefix.pch */,
			);
			name = "Supporting Files";
			sourceTree = "<group>";
		};
		1F66FAAE18828998002EC53B /* ChatRoomDemoTests */ = {
			isa = PBXGroup;
			children = (
				1F66FAB418828998002EC53B /* ChatRoomDemoTests.m */,
				1F66FAAF18828998002EC53B /* Supporting Files */,
			);
			path = ChatRoomDemoTests;
			sourceTree = "<group>";
		};
		1F66FAAF18828998002EC53B /* Supporting Files */ = {
			isa = PBXGroup;
			children = (
				1F66FAB018828998002EC53B /* ChatRoomDemoTests-Info.plist */,
				1F66FAB118828998002EC53B /* InfoPlist.strings */,
			);
			name = "Supporting Files";
			sourceTree = "<group>";
		};
/* End PBXGroup section */

/* Begin PBXNativeTarget section */
		1F66FA8B18828998002EC53B /* ChatRoomDemo */ = {
			isa = PBXNativeTarget;
			buildConfigurationList = 1F66FAB818828998002EC53B /* Build configuration list for PBXNativeTarget "ChatRoomDemo" */;
			buildPhases = (
				1F66FA8818828998002EC53B /* Sources */,
				1F66FA8918828998002EC53B /* Frameworks */,
				1F66FA8A18828998002EC53B /* Resources */,
			);
			buildRules = (
			);
			dependencies = (
			);
			name = ChatRoomDemo;
			productName = ChatRoomDemo;
			productReference = 1F66FA8C18828998002EC53B /* ChatRoomDemo.app */;
			productType = "com.apple.product-type.application";
		};
		1F66FAA618828998002EC53B /* ChatRoomDemoTests */ = {
			isa = PBXNativeTarget;
			buildConfigurationList = 1F66FABB18828998002EC53B /* Build configuration list for PBXNativeTarget "ChatRoomDemoTests" */;
			buildPhases = (
				1F66FAA318828998002EC53B /* Sources */,
				1F66FAA418828998002EC53B /* Frameworks */,
				1F66FAA518828998002EC53B /* Resources */,
			);
			buildRules = (
			);
			dependencies = (
				1F66FAAD18828998002EC53B /* PBXTargetDependency */,
			);
			name = ChatRoomDemoTests;
			productName = ChatRoomDemoTests;
			productReference = 1F66FAA718828998002EC53B /* ChatRoomDemoTests.xctest */;
			productType = "com.apple.product-type.bundle.unit-test";
		};
/* End PBXNativeTarget section */

/* Begin PBXProject section */
		1F66FA8418828998002EC53B /* Project object */ = {
			isa = PBXProject;
			attributes = {
				LastUpgradeCheck = 0500;
				ORGANIZATIONNAME = "su xinde";
				TargetAttributes = {
					1F66FAA618828998002EC53B = {
						TestTargetID = 1F66FA8B18828998002EC53B;
					};
				};
			};
			buildConfigurationList = 1F66FA8718828998002EC53B /* Build configuration list for PBXProject "ChatRoomDemo" */;
			compatibilityVersion = "Xcode 3.2";
			developmentRegion = English;
			hasScannedForEncodings = 0;
			knownRegions = (
				en,
			);
			mainGroup = 1F66FA8318828998002EC53B;
			productRefGroup = 1F66FA8D18828998002EC53B /* Products */;
			projectDirPath = "";
			projectRoot = "";
			targets = (
				1F66FA8B18828998002EC53B /* ChatRoomDemo */,
				1F66FAA618828998002EC53B /* ChatRoomDemoTests */,
			);
		};
/* End PBXProject section */

/* Begin PBXResourcesBuildPhase section */
		1F66FA8A18828998002EC53B /* Resources */ = {
			isa = PBXResourcesBuildPhase;
			buildActionMask = 2147483647;
			files = (
				1F66FA9A18828998002EC53B /* InfoPlist.strings in Resources */,
				1F66FAA218828998002EC53B /* Images.xcassets in Resources */,
			);
			runOnlyForDeploymentPostprocessing = 0;
		};
		1F66FAA518828998002EC53B /* Resources */ = {
			isa = PBXResourcesBuildPhase;
			buildActionMask = 2147483647;
			files = (
				1F66FAB318828998002EC53B /* InfoPlist.strings in Resources */,
			);
			runOnlyForDeploymentPostprocessing = 0;
		};
/* End PBXResourcesBuildPhase section */

/* Begin PBXSourcesBuildPhase section */
		1F66FA8818828998002EC53B /* Sources */ = {
			isa = PBXSourcesBuildPhase;
			buildActionMask = 2147483647;
			files = (
				1F66FAC418828B0C002EC53B /* GCDAsyncUdpSocket.m in Sources */,
				1F66FACA18828BEF002EC53B /* ChatDemoViewController.m in Sources */,
				1F66FAC218828B0C002EC53B /* GCDAsyncSocket.m in Sources */,
				1F66FAA018828998002EC53B /* AppDelegate.m in Sources */,
				1F66FA9C18828998002EC53B /* main.m in Sources */,
			);
			runOnlyForDeploymentPostprocessing = 0;
		};
		1F66FAA318828998002EC53B /* Sources */ = {
			isa = PBXSourcesBuildPhase;
			buildActionMask = 2147483647;
			files = (
				1F66FAC318828B0C002EC53B /* GCDAsyncSocket.m in Sources */,
				1F66FAC518828B0C002EC53B /* GCDAsyncUdpSocket.m in Sources */,
				1F66FAB518828998002EC53B /* ChatRoomDemoTests.m in Sources */,
				1F66FACB18828BEF002EC53B /* ChatDemoViewController.m in Sources */,
			);
			runOnlyForDeploymentPostprocessing = 0;
		};
/* End PBXSourcesBuildPhase section */

/* Begin PBXTargetDependency section */
		1F66FAAD18828998002EC53B /* PBXTargetDependency */ = {
			isa = PBXTargetDependency;
			target = 1F66FA8B18828998002EC53B /* ChatRoomDemo */;
			targetProxy = 1F66FAAC18828998002EC53B /* PBXContainerItemProxy */;
		};
/* End PBXTargetDependency section */

/* Begin PBXVariantGroup section */
		1F66FA9818828998002EC53B /* InfoPlist.strings */ = {
			isa = PBXVariantGroup;
			children = (
				1F66FA9918828998002EC53B /* en */,
			);
			name = InfoPlist.strings;
			sourceTree = "<group>";
		};
		1F66FAB118828998002EC53B /* InfoPlist.strings */ = {
			isa = PBXVariantGroup;
			children = (
				1F66FAB218828998002EC53B /* en */,
			);
			name = InfoPlist.strings;
			sourceTree = "<group>";
		};
/* End PBXVariantGroup section */

/* Begin XCBuildConfiguration section */
		1F66FAB618828998002EC53B /* Debug */ = {
			isa = XCBuildConfiguration;
			buildSettings = {
				ALWAYS_SEARCH_USER_PATHS = NO;
				ARCHS = "$(ARCHS_STANDARD_INCLUDING_64_BIT)";
				CLANG_CXX_LANGUAGE_STANDARD = "gnu++0x";
				CLANG_CXX_LIBRARY = "libc++";
				CLANG_ENABLE_MODULES = YES;
				CLANG_ENABLE_OBJC_ARC = YES;
				CLANG_WARN_BOOL_CONVERSION = YES;
				CLANG_WARN_CONSTANT_CONVERSION = YES;
				CLANG_WARN_DIRECT_OBJC_ISA_USAGE = YES_ERROR;
				CLANG_WARN_EMPTY_BODY = YES;
				CLANG_WARN_ENUM_CONVERSION = YES;
				CLANG_WARN_INT_CONVERSION = YES;
				CLANG_WARN_OBJC_ROOT_CLASS = YES_ERROR;
				CLANG_WARN__DUPLICATE_METHOD_MATCH = YES;
				CODE_SIGN_IDENTITY = "iPhone Developer: XinDe Su (Q6Q38S862J)";
				"CODE_SIGN_IDENTITY[sdk=iphoneos*]" = "iPhone Developer: XinDe Su (Q6Q38S862J)";
				COPY_PHASE_STRIP = NO;
				GCC_C_LANGUAGE_STANDARD = gnu99;
				GCC_DYNAMIC_NO_PIC = NO;
				GCC_OPTIMIZATION_LEVEL = 0;
				GCC_PREPROCESSOR_DEFINITIONS = (
					"DEBUG=1",
					"$(inherited)",
				);
				GCC_SYMBOLS_PRIVATE_EXTERN = NO;
				GCC_WARN_64_TO_32_BIT_CONVERSION = YES;
				GCC_WARN_ABOUT_RETURN_TYPE = YES_ERROR;
				GCC_WARN_UNDECLARED_SELECTOR = YES;
				GCC_WARN_UNINITIALIZED_AUTOS = YES;
				GCC_WARN_UNUSED_FUNCTION = YES;
				GCC_WARN_UNUSED_VARIABLE = YES;
				IPHONEOS_DEPLOYMENT_TARGET = 5.0;
				ONLY_ACTIVE_ARCH = YES;
				SDKROOT = iphoneos;
				TARGETED_DEVICE_FAMILY = "1,2";
			};
			name = Debug;
		};
		1F66FAB718828998002EC53B /* Release */ = {
			isa = XCBuildConfiguration;
			buildSettings = {
				ALWAYS_SEARCH_USER_PATHS = NO;
				ARCHS = "$(ARCHS_STANDARD_INCLUDING_64_BIT)";
				CLANG_CXX_LANGUAGE_STANDARD = "gnu++0x";
				CLANG_CXX_LIBRARY = "libc++";
				CLANG_ENABLE_MODULES = YES;
				CLANG_ENABLE_OBJC_ARC = YES;
				CLANG_WARN_BOOL_CONVERSION = YES;
				CLANG_WARN_CONSTANT_CONVERSION = YES;
				CLANG_WARN_DIRECT_OBJC_ISA_USAGE = YES_ERROR;
				CLANG_WARN_EMPTY_BODY = YES;
				CLANG_WARN_ENUM_CONVERSION = YES;
				CLANG_WARN_INT_CONVERSION = YES;
				CLANG_WARN_OBJC_ROOT_CLASS = YES_ERROR;
				CLANG_WARN__DUPLICATE_METHOD_MATCH = YES;
				CODE_SIGN_IDENTITY = "iPhone Developer: XinDe Su (Q6Q38S862J)";
				"CODE_SIGN_IDENTITY[sdk=iphoneos*]" = "iPhone Developer: XinDe Su (Q6Q38S862J)";
				COPY_PHASE_STRIP = YES;
				ENABLE_NS_ASSERTIONS = NO;
				GCC_C_LANGUAGE_STANDARD = gnu99;
				GCC_WARN_64_TO_32_BIT_CONVERSION = YES;
				GCC_WARN_ABOUT_RETURN_TYPE = YES_ERROR;
				GCC_WARN_UNDECLARED_SELECTOR = YES;
				GCC_WARN_UNINITIALIZED_AUTOS = YES;
				GCC_WARN_UNUSED_FUNCTION = YES;
				GCC_WARN_UNUSED_VARIABLE = YES;
				IPHONEOS_DEPLOYMENT_TARGET = 5.0;
				SDKROOT = iphoneos;
				TARGETED_DEVICE_FAMILY = "1,2";
				VALIDATE_PRODUCT = YES;
			};
			name = Release;
		};
		1F66FAB918828998002EC53B /* Debug */ = {
			isa = XCBuildConfiguration;
			buildSettings = {
				ASSETCATALOG_COMPILER_APPICON_NAME = AppIcon;
				ASSETCATALOG_COMPILER_LAUNCHIMAGE_NAME = LaunchImage;
				CLANG_ENABLE_OBJC_ARC = NO;
				GCC_PRECOMPILE_PREFIX_HEADER = YES;
				GCC_PREFIX_HEADER = "ChatRoomDemo/ChatRoomDemo-Prefix.pch";
				INFOPLIST_FILE = "ChatRoomDemo/ChatRoomDemo-Info.plist";
				PRODUCT_NAME = "$(TARGET_NAME)";
				SDKROOT = iphoneos;
				WRAPPER_EXTENSION = app;
			};
			name = Debug;
		};
		1F66FABA18828998002EC53B /* Release */ = {
			isa = XCBuildConfiguration;
			buildSettings = {
				ASSETCATALOG_COMPILER_APPICON_NAME = AppIcon;
				ASSETCATALOG_COMPILER_LAUNCHIMAGE_NAME = LaunchImage;
				CLANG_ENABLE_OBJC_ARC = NO;
				GCC_PRECOMPILE_PREFIX_HEADER = YES;
				GCC_PREFIX_HEADER = "ChatRoomDemo/ChatRoomDemo-Prefix.pch";
				INFOPLIST_FILE = "ChatRoomDemo/ChatRoomDemo-Info.plist";
				PRODUCT_NAME = "$(TARGET_NAME)";
				SDKROOT = iphoneos;
				WRAPPER_EXTENSION = app;
			};
			name = Release;
		};
		1F66FABC18828998002EC53B /* Debug */ = {
			isa = XCBuildConfiguration;
			buildSettings = {
				ARCHS = "$(ARCHS_STANDARD_INCLUDING_64_BIT)";
				BUNDLE_LOADER = "$(BUILT_PRODUCTS_DIR)/ChatRoomDemo.app/ChatRoomDemo";
				FRAMEWORK_SEARCH_PATHS = (
					"$(SDKROOT)/Developer/Library/Frameworks",
					"$(inherited)",
					"$(DEVELOPER_FRAMEWORKS_DIR)",
				);
				GCC_PRECOMPILE_PREFIX_HEADER = YES;
				GCC_PREFIX_HEADER = "ChatRoomDemo/ChatRoomDemo-Prefix.pch";
				GCC_PREPROCESSOR_DEFINITIONS = (
					"DEBUG=1",
					"$(inherited)",
				);
				INFOPLIST_FILE = "ChatRoomDemoTests/ChatRoomDemoTests-Info.plist";
				PRODUCT_NAME = "$(TARGET_NAME)";
				TEST_HOST = "$(BUNDLE_LOADER)";
				WRAPPER_EXTENSION = xctest;
			};
			name = Debug;
		};
		1F66FABD18828998002EC53B /* Release */ = {
			isa = XCBuildConfiguration;
			buildSettings = {
				ARCHS = "$(ARCHS_STANDARD_INCLUDING_64_BIT)";
				BUNDLE_LOADER = "$(BUILT_PRODUCTS_DIR)/ChatRoomDemo.app/ChatRoomDemo";
				FRAMEWORK_SEARCH_PATHS = (
					"$(SDKROOT)/Developer/Library/Frameworks",
					"$(inherited)",
					"$(DEVELOPER_FRAMEWORKS_DIR)",
				);
				GCC_PRECOMPILE_PREFIX_HEADER = YES;
				GCC_PREFIX_HEADER = "ChatRoomDemo/ChatRoomDemo-Prefix.pch";
				INFOPLIST_FILE = "ChatRoomDemoTests/ChatRoomDemoTests-Info.plist";
				PRODUCT_NAME = "$(TARGET_NAME)";
				TEST_HOST = "$(BUNDLE_LOADER)";
				WRAPPER_EXTENSION = xctest;
			};
			name = Release;
		};
/* End XCBuildConfiguration section */

/* Begin XCConfigurationList section */
		1F66FA8718828998002EC53B /* Build configuration list for PBXProject "ChatRoomDemo" */ = {
			isa = XCConfigurationList;
			buildConfigurations = (
				1F66FAB618828998002EC53B /* Debug */,
				1F66FAB718828998002EC53B /* Release */,
			);
			defaultConfigurationIsVisible = 0;
			defaultConfigurationName = Release;
		};
		1F66FAB818828998002EC53B /* Build configuration list for PBXNativeTarget "ChatRoomDemo" */ = {
			isa = XCConfigurationList;
			buildConfigurations = (
				1F66FAB918828998002EC53B /* Debug */,
				1F66FABA18828998002EC53B /* Release */,
			);
			defaultConfigurationIsVisible = 0;
			defaultConfigurationName = Release;
		};
		1F66FABB18828998002EC53B /* Build configuration list for PBXNativeTarget "ChatRoomDemoTests" */ = {
			isa = XCConfigurationList;
			buildConfigurations = (
				1F66FABC18828998002EC53B /* Debug */,
				1F66FABD18828998002EC53B /* Release */,
			);
			defaultConfigurationIsVisible = 0;
			defaultConfigurationName = Release;
		};
/* End XCConfigurationList section */
	};
	rootObject = 1F66FA8418828998002EC53B /* Project object */;
}
